
Microsoft Visual Studio Solution File, Format Version 12.00
# Visual Studio 2012
Project("{FAE04EC0-301F-11D3-BF4B-00C04F79EFBC}") = "Ecos.DBInit.Core", "Ecos.DBInit.Core\Ecos.DBInit.Core.csproj", "{672AC957-B6EC-4999-9740-60ADDFEDEC8A}"
EndProject
Project("{FAE04EC0-301F-11D3-BF4B-00C04F79EFBC}") = "Ecos.DBInit.Test", "Ecos.DBInit.Test\Ecos.DBInit.Test.csproj", "{27920306-3C44-4998-818C-742A513DF986}"
EndProject
Project("{FAE04EC0-301F-11D3-BF4B-00C04F79EFBC}") = "Ecos.DBInit.Samples.ProjectWithAMySQLDataBase", "Ecos.DBInit.Samples.ProjectWithAMySQLDataBase\Ecos.DBInit.Samples.ProjectWithAMySQLDataBase.csproj", "{F5DE2173-6DFF-4238-8539-1A57F92492BA}"
EndProject
Project("{FAE04EC0-301F-11D3-BF4B-00C04F79EFBC}") = "Ecos.DBInit.MySql", "Ecos.DBInit.MySql\Ecos.DBInit.MySql.csproj", "{6655574E-35A1-47FC-94F5-E4C2623BA5D0}"
EndProject
Project("{FAE04EC0-301F-11D3-BF4B-00C04F79EFBC}") = "Ecos.DBInit.Bootstrap", "Ecos.DBInit.Bootstrap\Ecos.DBInit.Bootstrap.csproj", "{D20E96B6-811C-470C-B989-38673DF2F474}"
EndProject
Global
	GlobalSection(SolutionConfigurationPlatforms) = preSolution
		Debug|Any CPU = Debug|Any CPU
		Release|Any CPU = Release|Any CPU
	EndGlobalSection
	GlobalSection(ProjectConfigurationPlatforms) = postSolution
		{27920306-3C44-4998-818C-742A513DF986}.Debug|Any CPU.ActiveCfg = Debug|Any CPU
		{27920306-3C44-4998-818C-742A513DF986}.Debug|Any CPU.Build.0 = Debug|Any CPU
		{27920306-3C44-4998-818C-742A513DF986}.Release|Any CPU.ActiveCfg = Release|Any CPU
		{27920306-3C44-4998-818C-742A513DF986}.Release|Any CPU.Build.0 = Release|Any CPU
		{6655574E-35A1-47FC-94F5-E4C2623BA5D0}.Debug|Any CPU.ActiveCfg = Debug|Any CPU
		{6655574E-35A1-47FC-94F5-E4C2623BA5D0}.Debug|Any CPU.Build.0 = Debug|Any CPU
		{6655574E-35A1-47FC-94F5-E4C2623BA5D0}.Release|Any CPU.ActiveCfg = Release|Any CPU
		{6655574E-35A1-47FC-94F5-E4C2623BA5D0}.Release|Any CPU.Build.0 = Release|Any CPU
		{672AC957-B6EC-4999-9740-60ADDFEDEC8A}.Debug|Any CPU.ActiveCfg = Debug|Any CPU
		{672AC957-B6EC-4999-9740-60ADDFEDEC8A}.Debug|Any CPU.Build.0 = Debug|Any CPU
		{672AC957-B6EC-4999-9740-60ADDFEDEC8A}.Release|Any CPU.ActiveCfg = Release|Any CPU
		{672AC957-B6EC-4999-9740-60ADDFEDEC8A}.Release|Any CPU.Build.0 = Release|Any CPU
		{D20E96B6-811C-470C-B989-38673DF2F474}.Debug|Any CPU.ActiveCfg = Debug|Any CPU
		{D20E96B6-811C-470C-B989-38673DF2F474}.Debug|Any CPU.Build.0 = Debug|Any CPU
		{D20E96B6-811C-470C-B989-38673DF2F474}.Release|Any CPU.ActiveCfg = Release|Any CPU
		{D20E96B6-811C-470C-B989-38673DF2F474}.Release|Any CPU.Build.0 = Release|Any CPU
		{F5DE2173-6DFF-4238-8539-1A57F92492BA}.Debug|Any CPU.ActiveCfg = Debug|Any CPU
		{F5DE2173-6DFF-4238-8539-1A57F92492BA}.Debug|Any CPU.Build.0 = Debug|Any CPU
		{F5DE2173-6DFF-4238-8539-1A57F92492BA}.Release|Any CPU.ActiveCfg = Release|Any CPU
		{F5DE2173-6DFF-4238-8539-1A57F92492BA}.Release|Any CPU.Build.0 = Release|Any CPU
	EndGlobalSection
	GlobalSection(MonoDevelopProperties) = preSolution
		StartupItem = Ecos.DBInit.Core\Ecos.DBInit.Core.csproj
		Policies = $0
		$0.TextStylePolicy = $1
		$1.inheritsSet = VisualStudio
		$1.inheritsScope = text/plain
		$1.scope = text/x-csharp
		$0.CSharpFormattingPolicy = $2
		$2.IndentSwitchBody = True
		$2.IndentBlocksInsideExpressions = True
		$2.AnonymousMethodBraceStyle = NextLine
		$2.PropertyBraceStyle = NextLine
		$2.PropertyGetBraceStyle = NextLine
		$2.PropertySetBraceStyle = NextLine
		$2.EventBraceStyle = NextLine
		$2.EventAddBraceStyle = NextLine
		$2.EventRemoveBraceStyle = NextLine
		$2.StatementBraceStyle = NextLine
		$2.ElseNewLinePlacement = NewLine
		$2.CatchNewLinePlacement = NewLine
		$2.FinallyNewLinePlacement = NewLine
		$2.WhileNewLinePlacement = DoNotCare
		$2.ArrayInitializerWrapping = DoNotChange
		$2.ArrayInitializerBraceStyle = NextLine
		$2.BeforeMethodDeclarationParentheses = False
		$2.BeforeMethodCallParentheses = False
		$2.BeforeConstructorDeclarationParentheses = False
		$2.NewLineBeforeConstructorInitializerColon = NewLine
		$2.NewLineAfterConstructorInitializerColon = SameLine
		$2.BeforeDelegateDeclarationParentheses = False
		$2.NewParentheses = False
		$2.SpacesBeforeBrackets = False
		$2.inheritsSet = Mono
		$2.inheritsScope = text/x-csharp
		$2.scope = text/x-csharp
		$0.TextStylePolicy = $3
		$3.inheritsSet = null
		$3.scope = application/sql
		$0.StandardHeader = $4
		$4.Text = 
		$4.IncludeInNewFiles = True
		$0.NameConventionPolicy = $5
		$5.Rules = $6
		$6.NamingRule = $7
		$7.Name = Namespaces
		$7.AffectedEntity = Namespace
		$7.VisibilityMask = VisibilityMask
		$7.NamingStyle = PascalCase
		$7.IncludeInstanceMembers = True
		$7.IncludeStaticEntities = True
		$6.NamingRule = $8
		$8.Name = Types
		$8.AffectedEntity = Class, Struct, Enum, Delegate
		$8.VisibilityMask = Public
		$8.NamingStyle = PascalCase
		$8.IncludeInstanceMembers = True
		$8.IncludeStaticEntities = True
		$6.NamingRule = $9
		$9.Name = Interfaces
		$9.RequiredPrefixes = $10
		$10.String = I
		$9.AffectedEntity = Interface
		$9.VisibilityMask = Public
		$9.NamingStyle = PascalCase
		$9.IncludeInstanceMembers = True
		$9.IncludeStaticEntities = True
		$6.NamingRule = $11
		$11.Name = Attributes
		$11.RequiredSuffixes = $12
		$12.String = Attribute
		$11.AffectedEntity = CustomAttributes
		$11.VisibilityMask = Public
		$11.NamingStyle = PascalCase
		$11.IncludeInstanceMembers = True
		$11.IncludeStaticEntities = True
		$6.NamingRule = $13
		$13.Name = Event Arguments
		$13.RequiredSuffixes = $14
		$14.String = EventArgs
		$13.AffectedEntity = CustomEventArgs
		$13.VisibilityMask = Public
		$13.NamingStyle = PascalCase
		$13.IncludeInstanceMembers = True
		$13.IncludeStaticEntities = True
		$6.NamingRule = $15
		$15.Name = Exceptions
		$15.RequiredSuffixes = $16
		$16.String = Exception
		$15.AffectedEntity = CustomExceptions
		$15.VisibilityMask = VisibilityMask
		$15.NamingStyle = PascalCase
		$15.IncludeInstanceMembers = True
		$15.IncludeStaticEntities = True
		$6.NamingRule = $17
		$17.Name = Methods
		$17.AffectedEntity = Methods
		$17.VisibilityMask = Protected, Public
		$17.NamingStyle = PascalCase
		$17.IncludeInstanceMembers = True
		$17.IncludeStaticEntities = True
		$6.NamingRule = $18
		$18.Name = Static Readonly Fields
		$18.AffectedEntity = ReadonlyField
		$18.VisibilityMask = Protected, Public
		$18.NamingStyle = PascalCase
		$18.IncludeInstanceMembers = False
		$18.IncludeStaticEntities = True
		$6.NamingRule = $19
		$19.Name = Fields
		$19.RequiredPrefixes = $20
		$20.String = _
		$19.AffectedEntity = Field
		$19.VisibilityMask = Private
		$19.NamingStyle = CamelCase
		$19.IncludeInstanceMembers = True
		$19.IncludeStaticEntities = True
		$6.NamingRule = $21
		$21.Name = ReadOnly Fields
		$21.RequiredPrefixes = $22
		$22.String = _
		$21.AffectedEntity = ReadonlyField
		$21.VisibilityMask = Private
		$21.NamingStyle = CamelCase
		$21.IncludeInstanceMembers = True
		$21.IncludeStaticEntities = False
		$6.NamingRule = $23
		$23.Name = Constant Fields
		$23.AffectedEntity = ConstantField
		$23.VisibilityMask = Protected, Public
		$23.NamingStyle = PascalCase
		$23.IncludeInstanceMembers = True
		$23.IncludeStaticEntities = True
		$6.NamingRule = $24
		$24.Name = Properties
		$24.AffectedEntity = Property
		$24.VisibilityMask = Protected, Public
		$24.NamingStyle = PascalCase
		$24.IncludeInstanceMembers = True
		$24.IncludeStaticEntities = True
		$6.NamingRule = $25
		$25.Name = Events
		$25.AffectedEntity = Event
		$25.VisibilityMask = Protected, Public
		$25.NamingStyle = PascalCase
		$25.IncludeInstanceMembers = True
		$25.IncludeStaticEntities = True
		$6.NamingRule = $26
		$26.Name = Enum Members
		$26.AffectedEntity = EnumMember
		$26.VisibilityMask = VisibilityMask
		$26.NamingStyle = PascalCase
		$26.IncludeInstanceMembers = True
		$26.IncludeStaticEntities = True
		$6.NamingRule = $27
		$27.Name = Parameters
		$27.AffectedEntity = Parameter
		$27.VisibilityMask = VisibilityMask
		$27.NamingStyle = CamelCase
		$27.IncludeInstanceMembers = True
		$27.IncludeStaticEntities = True
		$6.NamingRule = $28
		$28.Name = Type Parameters
		$28.RequiredPrefixes = $29
		$29.String = T
		$28.AffectedEntity = TypeParameter
		$28.VisibilityMask = VisibilityMask
		$28.NamingStyle = PascalCase
		$28.IncludeInstanceMembers = True
		$28.IncludeStaticEntities = True
		$0.VersionControlPolicy = $30
		$30.inheritsSet = Mono
		$0.ChangeLogPolicy = $31
		$31.UpdateMode = None
		$31.MessageStyle = $32
		$32.LineAlign = 0
		$31.inheritsSet = Mono
		$0.TextStylePolicy = $33
		$33.inheritsSet = VisualStudio
		$33.inheritsScope = text/plain
		$33.scope = text/plain
		$0.DotNetNamingPolicy = $34
		$34.DirectoryNamespaceAssociation = PrefixedFlat
		$34.ResourceNamePolicy = FileName
		$0.TextStylePolicy = $35
		$35.inheritsSet = null
		$35.scope = application/config+xml
		$0.XmlFormattingPolicy = $36
		$36.inheritsSet = null
		$36.scope = application/config+xml
		$0.TextStylePolicy = $37
		$37.inheritsSet = null
		$37.scope = application/xml
		$0.XmlFormattingPolicy = $38
		$38.inheritsSet = Mono
		$38.inheritsScope = application/xml
		$38.scope = application/xml
	EndGlobalSection
EndGlobal
